
Microsoft Visual Studio Solution File, Format Version 12.00
# Visual Studio Version 17
VisualStudioVersion = 17.11.35327.3
MinimumVisualStudioVersion = 10.0.40219.1
Project("{8BC9CEB8-8B4A-11D0-8D11-00A0C91BC942}") = "CSC145-DataStructuresProject", "CSC145-DataStructuresProject\CSC145-DataStructuresProject.vcxproj", "{F93A5B26-18DC-4497-88CA-72CEB8720016}"
EndProject
Global
	GlobalSection(SolutionConfigurationPlatforms) = preSolution
		Debug|x64 = Debug|x64
		Debug|x86 = Debug|x86
		Release|x64 = Release|x64
		Release|x86 = Release|x86
	EndGlobalSection
	GlobalSection(ProjectConfigurationPlatforms) = postSolution
		{F93A5B26-18DC-4497-88CA-72CEB8720016}.Debug|x64.ActiveCfg = Debug|x64
		{F93A5B26-18DC-4497-88CA-72CEB8720016}.Debug|x64.Build.0 = Debug|x64
		{F93A5B26-18DC-4497-88CA-72CEB8720016}.Debug|x86.ActiveCfg = Debug|Win32
		{F93A5B26-18DC-4497-88CA-72CEB8720016}.Debug|x86.Build.0 = Debug|Win32
		{F93A5B26-18DC-4497-88CA-72CEB8720016}.Release|x64.ActiveCfg = Release|x64
		{F93A5B26-18DC-4497-88CA-72CEB8720016}.Release|x64.Build.0 = Release|x64
		{F93A5B26-18DC-4497-88CA-72CEB8720016}.Release|x86.ActiveCfg = Release|Win32
		{F93A5B26-18DC-4497-88CA-72CEB8720016}.Release|x86.Build.0 = Release|Win32
	EndGlobalSection
	GlobalSection(SolutionProperties) = preSolution
		HideSolutionNode = FALSE
	EndGlobalSection
	GlobalSection(ExtensibilityGlobals) = postSolution
		SolutionGuid = {2AEBEBDC-36E6-4F94-9886-827D767D7929}
	EndGlobalSection
EndGlobal
